
Microsoft Visual Studio Solution File, Format Version 12.00
# Visual Studio Version 17
VisualStudioVersion = 17.13.35825.156 d17.13
MinimumVisualStudioVersion = 10.0.40219.1
Project("{FAE04EC0-301F-11D3-BF4B-00C04F79EFBC}") = "SignalRApi", "SignalRApi\SignalRApi.csproj", "{FC16CB9C-8C7C-449B-A2D6-AFB8E1E6145F}"
EndProject
Project("{FAE04EC0-301F-11D3-BF4B-00C04F79EFBC}") = "SignalRWebUI", "SignalRWebUI\SignalRWebUI.csproj", "{59F32582-01AA-41B7-A056-A12E91CE07AB}"
EndProject
Project("{FAE04EC0-301F-11D3-BF4B-00C04F79EFBC}") = "SignalR.EntityLayer", "SignalR.EntityLayer\SignalR.EntityLayer.csproj", "{70DDE044-509C-4519-8E4B-2968D9543816}"
EndProject
Project("{FAE04EC0-301F-11D3-BF4B-00C04F79EFBC}") = "SignalR.DataAccessLayer", "SignalR.DataAccessLayer\SignalR.DataAccessLayer.csproj", "{3C629EAC-9280-4518-8D68-157B3A1AB8DE}"
EndProject
Project("{FAE04EC0-301F-11D3-BF4B-00C04F79EFBC}") = "SignalR.DtoLayer", "SignalR.DtoLayer\SignalR.DtoLayer.csproj", "{70A9C205-3826-488F-A66A-96C5050EA0E7}"
EndProject
Project("{FAE04EC0-301F-11D3-BF4B-00C04F79EFBC}") = "SignalR.BusinessLayer", "SignalR.BusinessLayer\SignalR.BusinessLayer.csproj", "{F0DD1A4F-4586-48B9-9A0C-5CFE134D4671}"
EndProject
Global
	GlobalSection(SolutionConfigurationPlatforms) = preSolution
		Debug|Any CPU = Debug|Any CPU
		Release|Any CPU = Release|Any CPU
	EndGlobalSection
	GlobalSection(ProjectConfigurationPlatforms) = postSolution
		{FC16CB9C-8C7C-449B-A2D6-AFB8E1E6145F}.Debug|Any CPU.ActiveCfg = Debug|Any CPU
		{FC16CB9C-8C7C-449B-A2D6-AFB8E1E6145F}.Debug|Any CPU.Build.0 = Debug|Any CPU
		{FC16CB9C-8C7C-449B-A2D6-AFB8E1E6145F}.Release|Any CPU.ActiveCfg = Release|Any CPU
		{FC16CB9C-8C7C-449B-A2D6-AFB8E1E6145F}.Release|Any CPU.Build.0 = Release|Any CPU
		{59F32582-01AA-41B7-A056-A12E91CE07AB}.Debug|Any CPU.ActiveCfg = Debug|Any CPU
		{59F32582-01AA-41B7-A056-A12E91CE07AB}.Debug|Any CPU.Build.0 = Debug|Any CPU
		{59F32582-01AA-41B7-A056-A12E91CE07AB}.Release|Any CPU.ActiveCfg = Release|Any CPU
		{59F32582-01AA-41B7-A056-A12E91CE07AB}.Release|Any CPU.Build.0 = Release|Any CPU
		{70DDE044-509C-4519-8E4B-2968D9543816}.Debug|Any CPU.ActiveCfg = Debug|Any CPU
		{70DDE044-509C-4519-8E4B-2968D9543816}.Debug|Any CPU.Build.0 = Debug|Any CPU
		{70DDE044-509C-4519-8E4B-2968D9543816}.Release|Any CPU.ActiveCfg = Release|Any CPU
		{70DDE044-509C-4519-8E4B-2968D9543816}.Release|Any CPU.Build.0 = Release|Any CPU
		{3C629EAC-9280-4518-8D68-157B3A1AB8DE}.Debug|Any CPU.ActiveCfg = Debug|Any CPU
		{3C629EAC-9280-4518-8D68-157B3A1AB8DE}.Debug|Any CPU.Build.0 = Debug|Any CPU
		{3C629EAC-9280-4518-8D68-157B3A1AB8DE}.Release|Any CPU.ActiveCfg = Release|Any CPU
		{3C629EAC-9280-4518-8D68-157B3A1AB8DE}.Release|Any CPU.Build.0 = Release|Any CPU
		{70A9C205-3826-488F-A66A-96C5050EA0E7}.Debug|Any CPU.ActiveCfg = Debug|Any CPU
		{70A9C205-3826-488F-A66A-96C5050EA0E7}.Debug|Any CPU.Build.0 = Debug|Any CPU
		{70A9C205-3826-488F-A66A-96C5050EA0E7}.Release|Any CPU.ActiveCfg = Release|Any CPU
		{70A9C205-3826-488F-A66A-96C5050EA0E7}.Release|Any CPU.Build.0 = Release|Any CPU
		{F0DD1A4F-4586-48B9-9A0C-5CFE134D4671}.Debug|Any CPU.ActiveCfg = Debug|Any CPU
		{F0DD1A4F-4586-48B9-9A0C-5CFE134D4671}.Debug|Any CPU.Build.0 = Debug|Any CPU
		{F0DD1A4F-4586-48B9-9A0C-5CFE134D4671}.Release|Any CPU.ActiveCfg = Release|Any CPU
		{F0DD1A4F-4586-48B9-9A0C-5CFE134D4671}.Release|Any CPU.Build.0 = Release|Any CPU
	EndGlobalSection
	GlobalSection(SolutionProperties) = preSolution
		HideSolutionNode = FALSE
	EndGlobalSection
	GlobalSection(ExtensibilityGlobals) = postSolution
		SolutionGuid = {ED101A49-0F90-4619-BDF3-32300516EBDB}
	EndGlobalSection
EndGlobal
